# This file is automatically @generated by Cargo.
# It is not intended for manual editing.
version = 3

[[package]]
name = "add-two-numbers"
version = "0.1.0"

[[package]]
name = "all-paths-from-source-to-target"
version = "0.1.0"

[[package]]
name = "binary-tree-inorder-traversal"
version = "0.1.0"

[[package]]
name = "cfg-if"
version = "1.0.0"
source = "registry+https://github.com/rust-lang/crates.io-index"
checksum = "baf1de4339761588bc0619e3cbc0120ee582ebb74b53b4efbf79117bd2da40fd"

[[package]]
name = "climb-stairs"
version = "0.1.0"

[[package]]
name = "container-with-most-water"
version = "0.1.0"

[[package]]
name = "count-of-smaller-numbers-after-self"
version = "0.1.0"

[[package]]
name = "delete-columns-to-make-sorted"
version = "0.1.0"

[[package]]
name = "detect-capital"
version = "0.1.0"

[[package]]
name = "divide-two-integers"
version = "0.1.0"

[[package]]
name = "domino-and-tromino-tiling"
version = "0.1.0"

[[package]]
name = "find-first-and-last-position-of-element-in-sorted-array"
version = "0.1.0"

[[package]]
name = "find-median-from-data-stream"
version = "0.1.0"

[[package]]
name = "find-the-index-of-the-first-occurrence-in-a-string"
version = "0.1.0"

[[package]]
name = "first-missing-positive"
version = "0.1.0"

[[package]]
name = "generate-parentheses"
version = "0.1.0"

[[package]]
name = "getrandom"
version = "0.2.8"
source = "registry+https://github.com/rust-lang/crates.io-index"
checksum = "c05aeb6a22b8f62540c194aac980f2115af067bfe15a0734d7277a768d396b31"
dependencies = [
 "cfg-if",
 "libc",
 "wasi",
]

[[package]]
name = "integer-to-roman"
version = "0.1.0"

[[package]]
name = "jump-game"
version = "0.1.0"

[[package]]
name = "letter-combinations-of-a-phone-number"
version = "0.1.0"

[[package]]
name = "libc"
version = "0.2.138"
source = "registry+https://github.com/rust-lang/crates.io-index"
checksum = "db6d7e329c562c5dfab7a46a2afabc8b987ab9a4834c9d1ca04dc54c1546cef8"

[[package]]
name = "longest-common-prefix"
version = "0.1.0"

[[package]]
name = "longest-increasing-path-in-a-matrix"
version = "0.1.0"

[[package]]
name = "longest-palindromic-substring"
version = "0.1.0"

[[package]]
name = "longest-subsequence-with-limited-sum"
version = "0.1.0"

[[package]]
name = "longest-substring-without-repeating-characters"
version = "0.1.0"

[[package]]
name = "max-points-on-a-line"
version = "0.1.0"

[[package]]
name = "max-sliding-window"
version = "0.1.0"

[[package]]
name = "maximum-bags-with-full-capacity-of-rocks"
version = "0.1.0"

[[package]]
name = "maximum-depth-of-binary-tree"
version = "0.1.0"

[[package]]
name = "maximum-ice-cream-bars"
version = "0.1.0"

[[package]]
name = "median-of-two-sorted-arrays"
version = "0.1.0"
dependencies = [
 "rand",
]

[[package]]
name = "merge-k-sorted-lists"
version = "0.1.0"

[[package]]
name = "merge-sorted-array"
version = "0.1.0"

[[package]]
name = "merge-two-sorted-lists"
version = "0.1.0"

[[package]]
name = "minimum-number-of-arrows-to-burst-balloons"
version = "0.1.0"

[[package]]
name = "minimum-rounds-to-complete-all-tasks"
version = "0.1.0"

[[package]]
name = "minimum-window-substring"
version = "0.1.0"

[[package]]
name = "number-of-1-bits"
version = "0.1.0"

[[package]]
name = "palindrome-number"
version = "0.1.0"

[[package]]
name = "pascals-triangle"
version = "0.1.0"

[[package]]
name = "permutations"
version = "0.1.0"

[[package]]
name = "plus-one"
version = "0.1.0"

[[package]]
name = "powx-n"
version = "0.1.0"

[[package]]
name = "ppv-lite86"
version = "0.2.17"
source = "registry+https://github.com/rust-lang/crates.io-index"
checksum = "5b40af805b3121feab8a3c29f04d8ad262fa8e0561883e7653e024ae4479e6de"

[[package]]
name = "rand"
version = "0.8.5"
source = "registry+https://github.com/rust-lang/crates.io-index"
checksum = "34af8d1a0e25924bc5b7c43c079c942339d8f0a8b57c39049bef581b46327404"
dependencies = [
 "libc",
 "rand_chacha",
 "rand_core",
]

[[package]]
name = "rand_chacha"
version = "0.3.1"
source = "registry+https://github.com/rust-lang/crates.io-index"
checksum = "e6c10a63a0fa32252be49d21e7709d4d4baf8d231c2dbce1eaa8141b9b127d88"
dependencies = [
 "ppv-lite86",
 "rand_core",
]

[[package]]
name = "rand_core"
version = "0.6.4"
source = "registry+https://github.com/rust-lang/crates.io-index"
checksum = "ec0be4795e2f6a28069bec0b5ff3e2ac9bafc99e6a9a7dc3547996c5c816922c"
dependencies = [
 "getrandom",
]

[[package]]
name = "regular-expression-matching"
version = "0.1.0"

[[package]]
name = "remove-duplicates-from-sorted-array"
version = "0.1.0"

[[package]]
name = "remove-nth-node-from-end-of-list"
version = "0.1.0"

[[package]]
name = "remove-stones-to-minimize-the-total"
version = "0.1.0"

[[package]]
name = "reverse-integer"
version = "0.1.0"

[[package]]
name = "reverse-nodes-in-k-group"
version = "0.1.0"

[[package]]
name = "reverse-string"
version = "0.1.0"

[[package]]
name = "roman-to-integer"
version = "0.1.0"

[[package]]
name = "search-insert-position"
version = "0.1.0"

[[package]]
name = "set-matrix-zeroes"
version = "0.1.0"

[[package]]
name = "single-threaded-cpu"
version = "0.1.0"

[[package]]
name = "sqrtx"
version = "0.1.0"

[[package]]
name = "string-to-integer-atoi"
version = "0.1.0"

[[package]]
name = "symmetric-tree"
version = "0.1.0"

[[package]]
name = "three-sum"
version = "0.1.0"

[[package]]
name = "two-sum"
version = "0.1.0"

[[package]]
name = "unique-paths-iii"
version = "0.1.0"

[[package]]
name = "valid-palindrome"
version = "0.1.0"

[[package]]
name = "valid-parentheses"
version = "0.1.0"

[[package]]
name = "valid-sudoku"
version = "0.1.0"

[[package]]
name = "wasi"
version = "0.11.0+wasi-snapshot-preview1"
source = "registry+https://github.com/rust-lang/crates.io-index"
checksum = "9c8d87e72b64a3b4db28d11ce29237c246188f4f51057d65a7eab63b7987e423"

[[package]]
name = "wildcard-matching"
version = "0.1.0"

[[package]]
name = "word-pattern"
version = "0.1.0"

[[package]]
name = "word-search-ii"
version = "0.1.0"
