# This file is automatically @generated by Cargo.
# It is not intended for manual editing.
version = 3

[[package]]
name = "add-two-numbers"
version = "0.1.0"

[[package]]
name = "integer-to-roman"
version = "0.1.0"

[[package]]
name = "longest-common-prefix"
version = "0.1.0"

[[package]]
name = "longest-palindromic-substring"
version = "0.1.0"
